
Microsoft Visual Studio Solution File, Format Version 12.00
# Visual Studio Version 17
VisualStudioVersion = 17.4.33103.184
MinimumVisualStudioVersion = 10.0.40219.1
Project("{FAE04EC0-301F-11D3-BF4B-00C04F79EFBC}") = "WebApplication1", "WebApplication1.csproj", "{EA225830-0CC7-4C9C-B6A8-1EA241ECA31A}"
EndProject
Global
	GlobalSection(SolutionConfigurationPlatforms) = preSolution
		Debug|Any CPU = Debug|Any CPU
		Release|Any CPU = Release|Any CPU
	EndGlobalSection
	GlobalSection(ProjectConfigurationPlatforms) = postSolution
		{EA225830-0CC7-4C9C-B6A8-1EA241ECA31A}.Debug|Any CPU.ActiveCfg = Debug|Any CPU
		{EA225830-0CC7-4C9C-B6A8-1EA241ECA31A}.Debug|Any CPU.Build.0 = Debug|Any CPU
		{EA225830-0CC7-4C9C-B6A8-1EA241ECA31A}.Release|Any CPU.ActiveCfg = Release|Any CPU
		{EA225830-0CC7-4C9C-B6A8-1EA241ECA31A}.Release|Any CPU.Build.0 = Release|Any CPU
	EndGlobalSection
	GlobalSection(SolutionProperties) = preSolution
		HideSolutionNode = FALSE
	EndGlobalSection
	GlobalSection(ExtensibilityGlobals) = postSolution
		SolutionGuid = {4FEB61F8-94BA-471D-A111-9ECA501CCDA3}
	EndGlobalSection
EndGlobal
